
Microsoft Visual Studio Solution File, Format Version 12.00
# Visual Studio Version 17
VisualStudioVersion = 17.10.35027.167
MinimumVisualStudioVersion = 10.0.40219.1
Project("{FAE04EC0-301F-11D3-BF4B-00C04F79EFBC}") = "AutomotiveRepairSystem", "AutomotiveRepairSystem\AutomotiveRepairSystem.csproj", "{47D79EBC-FBAA-42B7-9130-96F3AB353E33}"
EndProject
Global
	GlobalSection(SolutionConfigurationPlatforms) = preSolution
		Debug|Any CPU = Debug|Any CPU
		Release|Any CPU = Release|Any CPU
	EndGlobalSection
	GlobalSection(ProjectConfigurationPlatforms) = postSolution
		{47D79EBC-FBAA-42B7-9130-96F3AB353E33}.Debug|Any CPU.ActiveCfg = Debug|Any CPU
		{47D79EBC-FBAA-42B7-9130-96F3AB353E33}.Debug|Any CPU.Build.0 = Debug|Any CPU
		{47D79EBC-FBAA-42B7-9130-96F3AB353E33}.Release|Any CPU.ActiveCfg = Release|Any CPU
		{47D79EBC-FBAA-42B7-9130-96F3AB353E33}.Release|Any CPU.Build.0 = Release|Any CPU
	EndGlobalSection
	GlobalSection(SolutionProperties) = preSolution
		HideSolutionNode = FALSE
	EndGlobalSection
	GlobalSection(ExtensibilityGlobals) = postSolution
		SolutionGuid = {B3D26687-557D-497A-9C56-553921449247}
	EndGlobalSection
EndGlobal
